// !$*UTF8*$!
{
	archiveVersion = 1;
	classes = {
	};
	objectVersion = 46;
	objects = {

/* Begin PBXBuildFile section */
		CD2A72BC1516B12F003A4394 /* UIKit.framework in Frameworks */ = {isa = PBXBuildFile; fileRef = CD2A72BB1516B12F003A4394 /* UIKit.framework */; };
		CD2A72BE1516B12F003A4394 /* Foundation.framework in Frameworks */ = {isa = PBXBuildFile; fileRef = CD2A72BD1516B12F003A4394 /* Foundation.framework */; };
		CD2A72C01516B12F003A4394 /* CoreGraphics.framework in Frameworks */ = {isa = PBXBuildFile; fileRef = CD2A72BF1516B12F003A4394 /* CoreGraphics.framework */; };
		CD2A72C61516B12F003A4394 /* InfoPlist.strings in Resources */ = {isa = PBXBuildFile; fileRef = CD2A72C41516B12F003A4394 /* InfoPlist.strings */; };
		CD2A72C81516B12F003A4394 /* main.m in Sources */ = {isa = PBXBuildFile; fileRef = CD2A72C71516B12F003A4394 /* main.m */; };
		CD2A72CC1516B12F003A4394 /* AppDelegate.m in Sources */ = {isa = PBXBuildFile; fileRef = CD2A72CB1516B12F003A4394 /* AppDelegate.m */; };
		CD2A72CF1516B12F003A4394 /* MainStoryboard_iPhone.storyboard in Resources */ = {isa = PBXBuildFile; fileRef = CD2A72CD1516B12F003A4394 /* MainStoryboard_iPhone.storyboard */; };
		CD2A72D51516B12F003A4394 /* MasterViewController.m in Sources */ = {isa = PBXBuildFile; fileRef = CD2A72D41516B12F003A4394 /* MasterViewController.m */; };
		CD2A72D81516B12F003A4394 /* DetailViewController.m in Sources */ = {isa = PBXBuildFile; fileRef = CD2A72D71516B12F003A4394 /* DetailViewController.m */; };
		CD2A72E21516B329003A4394 /* DealData.m in Sources */ = {isa = PBXBuildFile; fileRef = CD2A72E11516B329003A4394 /* DealData.m */; };
		CD2B2E79151DF841004A222C /* Extensions.m in Sources */ = {isa = PBXBuildFile; fileRef = CD2B2E78151DF841004A222C /* Extensions.m */; };
		CD3E97D4152D3EE6003A4EC0 /* Default.png in Resources */ = {isa = PBXBuildFile; fileRef = CD3E97D3152D3EE6003A4EC0 /* Default.png */; };
		CD3E97D6152D3EED003A4EC0 /* Default@2x.png in Resources */ = {isa = PBXBuildFile; fileRef = CD3E97D5152D3EED003A4EC0 /* Default@2x.png */; };
		CD3E97E2152DB0DC003A4EC0 /* icon.png in Resources */ = {isa = PBXBuildFile; fileRef = CD3E97E0152DB0DC003A4EC0 /* icon.png */; };
		CD3E97E3152DB0DC003A4EC0 /* icon@2x.png in Resources */ = {isa = PBXBuildFile; fileRef = CD3E97E1152DB0DC003A4EC0 /* icon@2x.png */; };
		CD418A7D153E653200E02F0D /* SearchViewController.m in Sources */ = {isa = PBXBuildFile; fileRef = CD418A7C153E653200E02F0D /* SearchViewController.m */; };
		CD506E97154CFC9400FC2CEC /* Twitter.framework in Frameworks */ = {isa = PBXBuildFile; fileRef = CD506E96154CFC9400FC2CEC /* Twitter.framework */; };
		CD506E9E154D01B700FC2CEC /* Tweet.txt in Resources */ = {isa = PBXBuildFile; fileRef = CD506E9D154D01B700FC2CEC /* Tweet.txt */; };
		CD53E4DC155DF29400EA704D /* Deal.css in Resources */ = {isa = PBXBuildFile; fileRef = CD53E4DB155DF29400EA704D /* Deal.css */; };
		CD53E4DE155DF3A300EA704D /* Deal.min.css in Resources */ = {isa = PBXBuildFile; fileRef = CD53E4DD155DF3A300EA704D /* Deal.min.css */; };
		CD65EACE1529547300102C14 /* GTMNSString+HTML.m in Sources */ = {isa = PBXBuildFile; fileRef = CD65EACD1529547300102C14 /* GTMNSString+HTML.m */; settings = {COMPILER_FLAGS = "-fno-objc-arc"; }; };
		CD779FBB152BE0D400580633 /* MBProgressHUD.m in Sources */ = {isa = PBXBuildFile; fileRef = CD779FB9152BDFC900580633 /* MBProgressHUD.m */; };
		CD89BBD6155A10CB00747FD5 /* WebViewController.m in Sources */ = {isa = PBXBuildFile; fileRef = CD89BBD5155A10CB00747FD5 /* WebViewController.m */; };
		CD89BBDE155B41EE00747FD5 /* NSData+Base64.m in Sources */ = {isa = PBXBuildFile; fileRef = CD89BBDD155B41EE00747FD5 /* NSData+Base64.m */; };
		CDD72AD7153522F40062C1A8 /* SDImageCache.m in Sources */ = {isa = PBXBuildFile; fileRef = CDD72ABD153522F40062C1A8 /* SDImageCache.m */; };
		CDD72AD8153522F40062C1A8 /* SDWebImageDecoder.m in Sources */ = {isa = PBXBuildFile; fileRef = CDD72AC4153522F40062C1A8 /* SDWebImageDecoder.m */; };
		CDD72AD9153522F40062C1A8 /* SDWebImageDownloader.m in Sources */ = {isa = PBXBuildFile; fileRef = CDD72AC6153522F40062C1A8 /* SDWebImageDownloader.m */; };
		CDD72ADA153522F40062C1A8 /* SDWebImageManager.m in Sources */ = {isa = PBXBuildFile; fileRef = CDD72AC9153522F40062C1A8 /* SDWebImageManager.m */; };
		CDD72ADB153522F40062C1A8 /* SDWebImagePrefetcher.m in Sources */ = {isa = PBXBuildFile; fileRef = CDD72ACC153522F40062C1A8 /* SDWebImagePrefetcher.m */; };
		CDD72ADC153522F40062C1A8 /* UIButton+WebCache.m in Sources */ = {isa = PBXBuildFile; fileRef = CDD72ACE153522F40062C1A8 /* UIButton+WebCache.m */; };
		CDD72ADD153522F40062C1A8 /* UIImageView+WebCache.m in Sources */ = {isa = PBXBuildFile; fileRef = CDD72AD0153522F40062C1A8 /* UIImageView+WebCache.m */; };
		CDD72AE215352E0D0062C1A8 /* Deal.html in Resources */ = {isa = PBXBuildFile; fileRef = CDD72AE115352E0D0062C1A8 /* Deal.html */; };
		CDDFC85A154F6BF2000A65B4 /* left.png in Resources */ = {isa = PBXBuildFile; fileRef = CDDFC856154F6BF2000A65B4 /* left.png */; };
		CDDFC85B154F6BF2000A65B4 /* left@2x.png in Resources */ = {isa = PBXBuildFile; fileRef = CDDFC857154F6BF2000A65B4 /* left@2x.png */; };
		CDDFC85C154F6BF2000A65B4 /* right.png in Resources */ = {isa = PBXBuildFile; fileRef = CDDFC858154F6BF2000A65B4 /* right.png */; };
		CDDFC85D154F6BF2000A65B4 /* right@2x.png in Resources */ = {isa = PBXBuildFile; fileRef = CDDFC859154F6BF2000A65B4 /* right@2x.png */; };
/* End PBXBuildFile section */

/* Begin PBXFileReference section */
		CD2A72B71516B12F003A4394 /* Passwird Deals.app */ = {isa = PBXFileReference; explicitFileType = wrapper.application; includeInIndex = 0; path = "Passwird Deals.app"; sourceTree = BUILT_PRODUCTS_DIR; };
		CD2A72BB1516B12F003A4394 /* UIKit.framework */ = {isa = PBXFileReference; lastKnownFileType = wrapper.framework; name = UIKit.framework; path = System/Library/Frameworks/UIKit.framework; sourceTree = SDKROOT; };
		CD2A72BD1516B12F003A4394 /* Foundation.framework */ = {isa = PBXFileReference; lastKnownFileType = wrapper.framework; name = Foundation.framework; path = System/Library/Frameworks/Foundation.framework; sourceTree = SDKROOT; };
		CD2A72BF1516B12F003A4394 /* CoreGraphics.framework */ = {isa = PBXFileReference; lastKnownFileType = wrapper.framework; name = CoreGraphics.framework; path = System/Library/Frameworks/CoreGraphics.framework; sourceTree = SDKROOT; };
		CD2A72C31516B12F003A4394 /* Passwird Deals-Info.plist */ = {isa = PBXFileReference; lastKnownFileType = text.plist.xml; path = "Passwird Deals-Info.plist"; sourceTree = "<group>"; };
		CD2A72C51516B12F003A4394 /* en */ = {isa = PBXFileReference; lastKnownFileType = text.plist.strings; name = en; path = en.lproj/InfoPlist.strings; sourceTree = "<group>"; };
		CD2A72C71516B12F003A4394 /* main.m */ = {isa = PBXFileReference; lastKnownFileType = sourcecode.c.objc; path = main.m; sourceTree = "<group>"; };
		CD2A72C91516B12F003A4394 /* Passwird Deals-Prefix.pch */ = {isa = PBXFileReference; lastKnownFileType = sourcecode.c.h; path = "Passwird Deals-Prefix.pch"; sourceTree = "<group>"; };
		CD2A72CA1516B12F003A4394 /* AppDelegate.h */ = {isa = PBXFileReference; lastKnownFileType = sourcecode.c.h; path = AppDelegate.h; sourceTree = "<group>"; };
		CD2A72CB1516B12F003A4394 /* AppDelegate.m */ = {isa = PBXFileReference; lastKnownFileType = sourcecode.c.objc; path = AppDelegate.m; sourceTree = "<group>"; };
		CD2A72CE1516B12F003A4394 /* en */ = {isa = PBXFileReference; lastKnownFileType = file.storyboard; name = en; path = en.lproj/MainStoryboard_iPhone.storyboard; sourceTree = "<group>"; };
		CD2A72D31516B12F003A4394 /* MasterViewController.h */ = {isa = PBXFileReference; lastKnownFileType = sourcecode.c.h; path = MasterViewController.h; sourceTree = "<group>"; };
		CD2A72D41516B12F003A4394 /* MasterViewController.m */ = {isa = PBXFileReference; lastKnownFileType = sourcecode.c.objc; path = MasterViewController.m; sourceTree = "<group>"; };
		CD2A72D61516B12F003A4394 /* DetailViewController.h */ = {isa = PBXFileReference; lastKnownFileType = sourcecode.c.h; path = DetailViewController.h; sourceTree = "<group>"; };
		CD2A72D71516B12F003A4394 /* DetailViewController.m */ = {isa = PBXFileReference; lastKnownFileType = sourcecode.c.objc; path = DetailViewController.m; sourceTree = "<group>"; };
		CD2A72E01516B329003A4394 /* DealData.h */ = {isa = PBXFileReference; fileEncoding = 4; lastKnownFileType = sourcecode.c.h; path = DealData.h; sourceTree = "<group>"; };
		CD2A72E11516B329003A4394 /* DealData.m */ = {isa = PBXFileReference; fileEncoding = 4; lastKnownFileType = sourcecode.c.objc; path = DealData.m; sourceTree = "<group>"; };
		CD2B2E77151DF841004A222C /* Extensions.h */ = {isa = PBXFileReference; fileEncoding = 4; lastKnownFileType = sourcecode.c.h; path = Extensions.h; sourceTree = "<group>"; };
		CD2B2E78151DF841004A222C /* Extensions.m */ = {isa = PBXFileReference; fileEncoding = 4; lastKnownFileType = sourcecode.c.objc; path = Extensions.m; sourceTree = "<group>"; };
		CD3E97CE152D3E7F003A4EC0 /* pd-icon-appstore-512.png */ = {isa = PBXFileReference; lastKnownFileType = image.png; path = "pd-icon-appstore-512.png"; sourceTree = "<group>"; };
		CD3E97CF152D3E7F003A4EC0 /* pd-icon-appstore-1024.png */ = {isa = PBXFileReference; lastKnownFileType = image.png; path = "pd-icon-appstore-1024.png"; sourceTree = "<group>"; };
		CD3E97D3152D3EE6003A4EC0 /* Default.png */ = {isa = PBXFileReference; lastKnownFileType = image.png; path = Default.png; sourceTree = "<group>"; };
		CD3E97D5152D3EED003A4EC0 /* Default@2x.png */ = {isa = PBXFileReference; lastKnownFileType = image.png; path = "Default@2x.png"; sourceTree = "<group>"; };
		CD3E97E0152DB0DC003A4EC0 /* icon.png */ = {isa = PBXFileReference; lastKnownFileType = image.png; path = icon.png; sourceTree = "<group>"; };
		CD3E97E1152DB0DC003A4EC0 /* icon@2x.png */ = {isa = PBXFileReference; lastKnownFileType = image.png; path = "icon@2x.png"; sourceTree = "<group>"; };
		CD418A7B153E653200E02F0D /* SearchViewController.h */ = {isa = PBXFileReference; fileEncoding = 4; lastKnownFileType = sourcecode.c.h; path = SearchViewController.h; sourceTree = "<group>"; };
		CD418A7C153E653200E02F0D /* SearchViewController.m */ = {isa = PBXFileReference; fileEncoding = 4; lastKnownFileType = sourcecode.c.objc; path = SearchViewController.m; sourceTree = "<group>"; };
		CD506E96154CFC9400FC2CEC /* Twitter.framework */ = {isa = PBXFileReference; lastKnownFileType = wrapper.framework; name = Twitter.framework; path = System/Library/Frameworks/Twitter.framework; sourceTree = SDKROOT; };
		CD506E9D154D01B700FC2CEC /* Tweet.txt */ = {isa = PBXFileReference; fileEncoding = 4; lastKnownFileType = text; path = Tweet.txt; sourceTree = "<group>"; };
		CD53E4DB155DF29400EA704D /* Deal.css */ = {isa = PBXFileReference; fileEncoding = 4; lastKnownFileType = text.css; path = Deal.css; sourceTree = "<group>"; };
		CD53E4DD155DF3A300EA704D /* Deal.min.css */ = {isa = PBXFileReference; fileEncoding = 4; lastKnownFileType = text.css; path = Deal.min.css; sourceTree = "<group>"; };
		CD65EACC1529547200102C14 /* GTMNSString+HTML.h */ = {isa = PBXFileReference; fileEncoding = 4; lastKnownFileType = sourcecode.c.h; path = "GTMNSString+HTML.h"; sourceTree = "<group>"; };
		CD65EACD1529547300102C14 /* GTMNSString+HTML.m */ = {isa = PBXFileReference; fileEncoding = 4; lastKnownFileType = sourcecode.c.objc; path = "GTMNSString+HTML.m"; sourceTree = "<group>"; };
		CD65EACF1529562300102C14 /* GTMDefines.h */ = {isa = PBXFileReference; fileEncoding = 4; lastKnownFileType = sourcecode.c.h; path = GTMDefines.h; sourceTree = "<group>"; };
		CD779FB8152BDFC900580633 /* MBProgressHUD.h */ = {isa = PBXFileReference; lastKnownFileType = sourcecode.c.h; path = MBProgressHUD.h; sourceTree = "<group>"; };
		CD779FB9152BDFC900580633 /* MBProgressHUD.m */ = {isa = PBXFileReference; lastKnownFileType = sourcecode.c.objc; path = MBProgressHUD.m; sourceTree = "<group>"; };
		CD89BBD4155A10CB00747FD5 /* WebViewController.h */ = {isa = PBXFileReference; fileEncoding = 4; lastKnownFileType = sourcecode.c.h; path = WebViewController.h; sourceTree = "<group>"; };
		CD89BBD5155A10CB00747FD5 /* WebViewController.m */ = {isa = PBXFileReference; fileEncoding = 4; lastKnownFileType = sourcecode.c.objc; path = WebViewController.m; sourceTree = "<group>"; };
		CD89BBDC155B41EE00747FD5 /* NSData+Base64.h */ = {isa = PBXFileReference; fileEncoding = 4; lastKnownFileType = sourcecode.c.h; path = "NSData+Base64.h"; sourceTree = "<group>"; };
		CD89BBDD155B41EE00747FD5 /* NSData+Base64.m */ = {isa = PBXFileReference; fileEncoding = 4; lastKnownFileType = sourcecode.c.objc; path = "NSData+Base64.m"; sourceTree = "<group>"; };
		CDD72ABC153522F40062C1A8 /* SDImageCache.h */ = {isa = PBXFileReference; fileEncoding = 4; lastKnownFileType = sourcecode.c.h; path = SDImageCache.h; sourceTree = "<group>"; };
		CDD72ABD153522F40062C1A8 /* SDImageCache.m */ = {isa = PBXFileReference; fileEncoding = 4; lastKnownFileType = sourcecode.c.objc; path = SDImageCache.m; sourceTree = "<group>"; };
		CDD72ABE153522F40062C1A8 /* SDImageCacheDelegate.h */ = {isa = PBXFileReference; fileEncoding = 4; lastKnownFileType = sourcecode.c.h; path = SDImageCacheDelegate.h; sourceTree = "<group>"; };
		CDD72AC2153522F40062C1A8 /* SDWebImageCompat.h */ = {isa = PBXFileReference; fileEncoding = 4; lastKnownFileType = sourcecode.c.h; path = SDWebImageCompat.h; sourceTree = "<group>"; };
		CDD72AC3153522F40062C1A8 /* SDWebImageDecoder.h */ = {isa = PBXFileReference; fileEncoding = 4; lastKnownFileType = sourcecode.c.h; path = SDWebImageDecoder.h; sourceTree = "<group>"; };
		CDD72AC4153522F40062C1A8 /* SDWebImageDecoder.m */ = {isa = PBXFileReference; fileEncoding = 4; lastKnownFileType = sourcecode.c.objc; path = SDWebImageDecoder.m; sourceTree = "<group>"; };
		CDD72AC5153522F40062C1A8 /* SDWebImageDownloader.h */ = {isa = PBXFileReference; fileEncoding = 4; lastKnownFileType = sourcecode.c.h; path = SDWebImageDownloader.h; sourceTree = "<group>"; };
		CDD72AC6153522F40062C1A8 /* SDWebImageDownloader.m */ = {isa = PBXFileReference; fileEncoding = 4; lastKnownFileType = sourcecode.c.objc; path = SDWebImageDownloader.m; sourceTree = "<group>"; };
		CDD72AC7153522F40062C1A8 /* SDWebImageDownloaderDelegate.h */ = {isa = PBXFileReference; fileEncoding = 4; lastKnownFileType = sourcecode.c.h; path = SDWebImageDownloaderDelegate.h; sourceTree = "<group>"; };
		CDD72AC8153522F40062C1A8 /* SDWebImageManager.h */ = {isa = PBXFileReference; fileEncoding = 4; lastKnownFileType = sourcecode.c.h; path = SDWebImageManager.h; sourceTree = "<group>"; };
		CDD72AC9153522F40062C1A8 /* SDWebImageManager.m */ = {isa = PBXFileReference; fileEncoding = 4; lastKnownFileType = sourcecode.c.objc; path = SDWebImageManager.m; sourceTree = "<group>"; };
		CDD72ACA153522F40062C1A8 /* SDWebImageManagerDelegate.h */ = {isa = PBXFileReference; fileEncoding = 4; lastKnownFileType = sourcecode.c.h; path = SDWebImageManagerDelegate.h; sourceTree = "<group>"; };
		CDD72ACB153522F40062C1A8 /* SDWebImagePrefetcher.h */ = {isa = PBXFileReference; fileEncoding = 4; lastKnownFileType = sourcecode.c.h; path = SDWebImagePrefetcher.h; sourceTree = "<group>"; };
		CDD72ACC153522F40062C1A8 /* SDWebImagePrefetcher.m */ = {isa = PBXFileReference; fileEncoding = 4; lastKnownFileType = sourcecode.c.objc; path = SDWebImagePrefetcher.m; sourceTree = "<group>"; };
		CDD72ACD153522F40062C1A8 /* UIButton+WebCache.h */ = {isa = PBXFileReference; fileEncoding = 4; lastKnownFileType = sourcecode.c.h; path = "UIButton+WebCache.h"; sourceTree = "<group>"; };
		CDD72ACE153522F40062C1A8 /* UIButton+WebCache.m */ = {isa = PBXFileReference; fileEncoding = 4; lastKnownFileType = sourcecode.c.objc; path = "UIButton+WebCache.m"; sourceTree = "<group>"; };
		CDD72ACF153522F40062C1A8 /* UIImageView+WebCache.h */ = {isa = PBXFileReference; fileEncoding = 4; lastKnownFileType = sourcecode.c.h; path = "UIImageView+WebCache.h"; sourceTree = "<group>"; };
		CDD72AD0153522F40062C1A8 /* UIImageView+WebCache.m */ = {isa = PBXFileReference; fileEncoding = 4; lastKnownFileType = sourcecode.c.objc; path = "UIImageView+WebCache.m"; sourceTree = "<group>"; };
		CDD72AE115352E0D0062C1A8 /* Deal.html */ = {isa = PBXFileReference; fileEncoding = 4; lastKnownFileType = text.html; path = Deal.html; sourceTree = "<group>"; };
		CDDFC856154F6BF2000A65B4 /* left.png */ = {isa = PBXFileReference; lastKnownFileType = image.png; path = left.png; sourceTree = "<group>"; };
		CDDFC857154F6BF2000A65B4 /* left@2x.png */ = {isa = PBXFileReference; lastKnownFileType = image.png; path = "left@2x.png"; sourceTree = "<group>"; };
		CDDFC858154F6BF2000A65B4 /* right.png */ = {isa = PBXFileReference; lastKnownFileType = image.png; path = right.png; sourceTree = "<group>"; };
		CDDFC859154F6BF2000A65B4 /* right@2x.png */ = {isa = PBXFileReference; lastKnownFileType = image.png; path = "right@2x.png"; sourceTree = "<group>"; };
/* End PBXFileReference section */

/* Begin PBXFrameworksBuildPhase section */
		CD2A72B41516B12F003A4394 /* Frameworks */ = {
			isa = PBXFrameworksBuildPhase;
			buildActionMask = 2147483647;
			files = (
				CD506E97154CFC9400FC2CEC /* Twitter.framework in Frameworks */,
				CD2A72BC1516B12F003A4394 /* UIKit.framework in Frameworks */,
				CD2A72BE1516B12F003A4394 /* Foundation.framework in Frameworks */,
				CD2A72C01516B12F003A4394 /* CoreGraphics.framework in Frameworks */,
			);
			runOnlyForDeploymentPostprocessing = 0;
		};
/* End PBXFrameworksBuildPhase section */

/* Begin PBXGroup section */
		CD2A72AC1516B12F003A4394 = {
			isa = PBXGroup;
			children = (
				CD2A72C11516B12F003A4394 /* Passwird Deals */,
				CD2A72BA1516B12F003A4394 /* Frameworks */,
				CD2A72B81516B12F003A4394 /* Products */,
			);
			sourceTree = "<group>";
		};
		CD2A72B81516B12F003A4394 /* Products */ = {
			isa = PBXGroup;
			children = (
				CD2A72B71516B12F003A4394 /* Passwird Deals.app */,
			);
			name = Products;
			sourceTree = "<group>";
		};
		CD2A72BA1516B12F003A4394 /* Frameworks */ = {
			isa = PBXGroup;
			children = (
				CD506E96154CFC9400FC2CEC /* Twitter.framework */,
				CD2A72BB1516B12F003A4394 /* UIKit.framework */,
				CD2A72BD1516B12F003A4394 /* Foundation.framework */,
				CD2A72BF1516B12F003A4394 /* CoreGraphics.framework */,
			);
			name = Frameworks;
			sourceTree = "<group>";
		};
		CD2A72C11516B12F003A4394 /* Passwird Deals */ = {
			isa = PBXGroup;
			children = (
				CD2B2E861520D36E004A222C /* Resources */,
				CD2B2E7D1520CF51004A222C /* Extensions */,
				CD2A72DF1516B2D8003A4394 /* Model */,
				CD2A72DE1516B2AD003A4394 /* GUI */,
				CD2A72C21516B12F003A4394 /* Supporting Files */,
			);
			path = "Passwird Deals";
			sourceTree = "<group>";
		};
		CD2A72C21516B12F003A4394 /* Supporting Files */ = {
			isa = PBXGroup;
			children = (
				CD2A72C31516B12F003A4394 /* Passwird Deals-Info.plist */,
				CD2A72C41516B12F003A4394 /* InfoPlist.strings */,
				CD2A72C71516B12F003A4394 /* main.m */,
				CD2A72C91516B12F003A4394 /* Passwird Deals-Prefix.pch */,
			);
			name = "Supporting Files";
			sourceTree = "<group>";
		};
		CD2A72DE1516B2AD003A4394 /* GUI */ = {
			isa = PBXGroup;
			children = (
				CD2A72CA1516B12F003A4394 /* AppDelegate.h */,
				CD2A72CB1516B12F003A4394 /* AppDelegate.m */,
				CD2A72CD1516B12F003A4394 /* MainStoryboard_iPhone.storyboard */,
				CD2A72D31516B12F003A4394 /* MasterViewController.h */,
				CD2A72D41516B12F003A4394 /* MasterViewController.m */,
				CD2A72D61516B12F003A4394 /* DetailViewController.h */,
				CD2A72D71516B12F003A4394 /* DetailViewController.m */,
				CD418A7B153E653200E02F0D /* SearchViewController.h */,
				CD418A7C153E653200E02F0D /* SearchViewController.m */,
				CD89BBD4155A10CB00747FD5 /* WebViewController.h */,
				CD89BBD5155A10CB00747FD5 /* WebViewController.m */,
			);
			name = GUI;
			sourceTree = "<group>";
		};
		CD2A72DF1516B2D8003A4394 /* Model */ = {
			isa = PBXGroup;
			children = (
				CD2A72E01516B329003A4394 /* DealData.h */,
				CD2A72E11516B329003A4394 /* DealData.m */,
			);
			name = Model;
			sourceTree = "<group>";
		};
		CD2B2E7D1520CF51004A222C /* Extensions */ = {
			isa = PBXGroup;
			children = (
				CDD72AB7153522CA0062C1A8 /* SDWebImage */,
				CD89BBDC155B41EE00747FD5 /* NSData+Base64.h */,
				CD89BBDD155B41EE00747FD5 /* NSData+Base64.m */,
				CD779FB8152BDFC900580633 /* MBProgressHUD.h */,
				CD779FB9152BDFC900580633 /* MBProgressHUD.m */,
				CD2B2E77151DF841004A222C /* Extensions.h */,
				CD2B2E78151DF841004A222C /* Extensions.m */,
				CD65EACC1529547200102C14 /* GTMNSString+HTML.h */,
				CD65EACD1529547300102C14 /* GTMNSString+HTML.m */,
				CD65EACF1529562300102C14 /* GTMDefines.h */,
			);
			name = Extensions;
			sourceTree = "<group>";
		};
		CD2B2E861520D36E004A222C /* Resources */ = {
			isa = PBXGroup;
			children = (
				CDDFC856154F6BF2000A65B4 /* left.png */,
				CDDFC857154F6BF2000A65B4 /* left@2x.png */,
				CDDFC858154F6BF2000A65B4 /* right.png */,
				CDDFC859154F6BF2000A65B4 /* right@2x.png */,
				CD506E9D154D01B700FC2CEC /* Tweet.txt */,
				CDD72AE115352E0D0062C1A8 /* Deal.html */,
				CD53E4DB155DF29400EA704D /* Deal.css */,
				CD53E4DD155DF3A300EA704D /* Deal.min.css */,
				CD3E97E0152DB0DC003A4EC0 /* icon.png */,
				CD3E97E1152DB0DC003A4EC0 /* icon@2x.png */,
				CD3E97D5152D3EED003A4EC0 /* Default@2x.png */,
				CD3E97D3152D3EE6003A4EC0 /* Default.png */,
				CD3E97CE152D3E7F003A4EC0 /* pd-icon-appstore-512.png */,
				CD3E97CF152D3E7F003A4EC0 /* pd-icon-appstore-1024.png */,
			);
			name = Resources;
			path = ..;
			sourceTree = "<group>";
		};
		CDD72AB7153522CA0062C1A8 /* SDWebImage */ = {
			isa = PBXGroup;
			children = (
				CDD72ABC153522F40062C1A8 /* SDImageCache.h */,
				CDD72ABD153522F40062C1A8 /* SDImageCache.m */,
				CDD72ABE153522F40062C1A8 /* SDImageCacheDelegate.h */,
				CDD72AC2153522F40062C1A8 /* SDWebImageCompat.h */,
				CDD72AC3153522F40062C1A8 /* SDWebImageDecoder.h */,
				CDD72AC4153522F40062C1A8 /* SDWebImageDecoder.m */,
				CDD72AC5153522F40062C1A8 /* SDWebImageDownloader.h */,
				CDD72AC6153522F40062C1A8 /* SDWebImageDownloader.m */,
				CDD72AC7153522F40062C1A8 /* SDWebImageDownloaderDelegate.h */,
				CDD72AC8153522F40062C1A8 /* SDWebImageManager.h */,
				CDD72AC9153522F40062C1A8 /* SDWebImageManager.m */,
				CDD72ACA153522F40062C1A8 /* SDWebImageManagerDelegate.h */,
				CDD72ACB153522F40062C1A8 /* SDWebImagePrefetcher.h */,
				CDD72ACC153522F40062C1A8 /* SDWebImagePrefetcher.m */,
				CDD72ACD153522F40062C1A8 /* UIButton+WebCache.h */,
				CDD72ACE153522F40062C1A8 /* UIButton+WebCache.m */,
				CDD72ACF153522F40062C1A8 /* UIImageView+WebCache.h */,
				CDD72AD0153522F40062C1A8 /* UIImageView+WebCache.m */,
			);
			name = SDWebImage;
			sourceTree = "<group>";
		};
/* End PBXGroup section */

/* Begin PBXNativeTarget section */
		CD2A72B61516B12F003A4394 /* Passwird Deals */ = {
			isa = PBXNativeTarget;
			buildConfigurationList = CD2A72DB1516B12F003A4394 /* Build configuration list for PBXNativeTarget "Passwird Deals" */;
			buildPhases = (
				CD2A72B31516B12F003A4394 /* Sources */,
				CD2A72B41516B12F003A4394 /* Frameworks */,
				CD2A72B51516B12F003A4394 /* Resources */,
			);
			buildRules = (
			);
			dependencies = (
			);
			name = "Passwird Deals";
			productName = "Passwird Deals";
			productReference = CD2A72B71516B12F003A4394 /* Passwird Deals.app */;
			productType = "com.apple.product-type.application";
		};
/* End PBXNativeTarget section */

/* Begin PBXProject section */
		CD2A72AE1516B12F003A4394 /* Project object */ = {
			isa = PBXProject;
			attributes = {
				LastUpgradeCheck = 0430;
			};
			buildConfigurationList = CD2A72B11516B12F003A4394 /* Build configuration list for PBXProject "Passwird Deals" */;
			compatibilityVersion = "Xcode 3.2";
			developmentRegion = English;
			hasScannedForEncodings = 0;
			knownRegions = (
				en,
				de,
			);
			mainGroup = CD2A72AC1516B12F003A4394;
			productRefGroup = CD2A72B81516B12F003A4394 /* Products */;
			projectDirPath = "";
			projectRoot = "";
			targets = (
				CD2A72B61516B12F003A4394 /* Passwird Deals */,
			);
		};
/* End PBXProject section */

/* Begin PBXResourcesBuildPhase section */
		CD2A72B51516B12F003A4394 /* Resources */ = {
			isa = PBXResourcesBuildPhase;
			buildActionMask = 2147483647;
			files = (
				CD2A72C61516B12F003A4394 /* InfoPlist.strings in Resources */,
				CD2A72CF1516B12F003A4394 /* MainStoryboard_iPhone.storyboard in Resources */,
				CD3E97D4152D3EE6003A4EC0 /* Default.png in Resources */,
				CD3E97D6152D3EED003A4EC0 /* Default@2x.png in Resources */,
				CD3E97E2152DB0DC003A4EC0 /* icon.png in Resources */,
				CD3E97E3152DB0DC003A4EC0 /* icon@2x.png in Resources */,
				CDD72AE215352E0D0062C1A8 /* Deal.html in Resources */,
				CD506E9E154D01B700FC2CEC /* Tweet.txt in Resources */,
				CDDFC85A154F6BF2000A65B4 /* left.png in Resources */,
				CDDFC85B154F6BF2000A65B4 /* left@2x.png in Resources */,
				CDDFC85C154F6BF2000A65B4 /* right.png in Resources */,
				CDDFC85D154F6BF2000A65B4 /* right@2x.png in Resources */,
				CD53E4DC155DF29400EA704D /* Deal.css in Resources */,
				CD53E4DE155DF3A300EA704D /* Deal.min.css in Resources */,
			);
			runOnlyForDeploymentPostprocessing = 0;
		};
/* End PBXResourcesBuildPhase section */

/* Begin PBXSourcesBuildPhase section */
		CD2A72B31516B12F003A4394 /* Sources */ = {
			isa = PBXSourcesBuildPhase;
			buildActionMask = 2147483647;
			files = (
				CD779FBB152BE0D400580633 /* MBProgressHUD.m in Sources */,
				CD2A72C81516B12F003A4394 /* main.m in Sources */,
				CD2A72CC1516B12F003A4394 /* AppDelegate.m in Sources */,
				CD2A72D51516B12F003A4394 /* MasterViewController.m in Sources */,
				CD2A72D81516B12F003A4394 /* DetailViewController.m in Sources */,
				CD2A72E21516B329003A4394 /* DealData.m in Sources */,
				CD2B2E79151DF841004A222C /* Extensions.m in Sources */,
				CD65EACE1529547300102C14 /* GTMNSString+HTML.m in Sources */,
				CDD72AD7153522F40062C1A8 /* SDImageCache.m in Sources */,
				CDD72AD8153522F40062C1A8 /* SDWebImageDecoder.m in Sources */,
				CDD72AD9153522F40062C1A8 /* SDWebImageDownloader.m in Sources */,
				CDD72ADA153522F40062C1A8 /* SDWebImageManager.m in Sources */,
				CDD72ADB153522F40062C1A8 /* SDWebImagePrefetcher.m in Sources */,
				CDD72ADC153522F40062C1A8 /* UIButton+WebCache.m in Sources */,
				CDD72ADD153522F40062C1A8 /* UIImageView+WebCache.m in Sources */,
				CD418A7D153E653200E02F0D /* SearchViewController.m in Sources */,
				CD89BBD6155A10CB00747FD5 /* WebViewController.m in Sources */,
				CD89BBDE155B41EE00747FD5 /* NSData+Base64.m in Sources */,
			);
			runOnlyForDeploymentPostprocessing = 0;
		};
/* End PBXSourcesBuildPhase section */

/* Begin PBXVariantGroup section */
		CD2A72C41516B12F003A4394 /* InfoPlist.strings */ = {
			isa = PBXVariantGroup;
			children = (
				CD2A72C51516B12F003A4394 /* en */,
			);
			name = InfoPlist.strings;
			sourceTree = "<group>";
		};
		CD2A72CD1516B12F003A4394 /* MainStoryboard_iPhone.storyboard */ = {
			isa = PBXVariantGroup;
			children = (
				CD2A72CE1516B12F003A4394 /* en */,
			);
			name = MainStoryboard_iPhone.storyboard;
			sourceTree = "<group>";
		};
/* End PBXVariantGroup section */

/* Begin XCBuildConfiguration section */
		CD2A72D91516B12F003A4394 /* Debug */ = {
			isa = XCBuildConfiguration;
			buildSettings = {
				ALWAYS_SEARCH_USER_PATHS = NO;
				ARCHS = "$(ARCHS_STANDARD_32_BIT)";
				CLANG_ENABLE_OBJC_ARC = YES;
				"CODE_SIGN_IDENTITY[sdk=iphoneos*]" = "iPhone Developer";
				COPY_PHASE_STRIP = NO;
				GCC_C_LANGUAGE_STANDARD = gnu99;
				GCC_DYNAMIC_NO_PIC = NO;
				GCC_OPTIMIZATION_LEVEL = 0;
				GCC_PREPROCESSOR_DEFINITIONS = (
					"DEBUG=1",
					"$(inherited)",
				);
				GCC_SYMBOLS_PRIVATE_EXTERN = NO;
				GCC_VERSION = com.apple.compilers.llvm.clang.1_0;
				GCC_WARN_ABOUT_MISSING_PROTOTYPES = YES;
				GCC_WARN_ABOUT_RETURN_TYPE = YES;
				GCC_WARN_UNUSED_VARIABLE = YES;
				IPHONEOS_DEPLOYMENT_TARGET = 5.0;
				SDKROOT = iphoneos;
				TARGETED_DEVICE_FAMILY = "1,2";
			};
			name = Debug;
		};
		CD2A72DA1516B12F003A4394 /* Release */ = {
			isa = XCBuildConfiguration;
			buildSettings = {
				ALWAYS_SEARCH_USER_PATHS = NO;
				ARCHS = "$(ARCHS_STANDARD_32_BIT)";
				CLANG_ENABLE_OBJC_ARC = YES;
				"CODE_SIGN_IDENTITY[sdk=iphoneos*]" = "iPhone Developer";
				COPY_PHASE_STRIP = YES;
				GCC_C_LANGUAGE_STANDARD = gnu99;
				GCC_VERSION = com.apple.compilers.llvm.clang.1_0;
				GCC_WARN_ABOUT_MISSING_PROTOTYPES = YES;
				GCC_WARN_ABOUT_RETURN_TYPE = YES;
				GCC_WARN_UNUSED_VARIABLE = YES;
				IPHONEOS_DEPLOYMENT_TARGET = 5.0;
				OTHER_CFLAGS = "-DNS_BLOCK_ASSERTIONS=1";
				SDKROOT = iphoneos;
				TARGETED_DEVICE_FAMILY = "1,2";
				VALIDATE_PRODUCT = YES;
			};
			name = Release;
		};
		CD2A72DC1516B12F003A4394 /* Debug */ = {
			isa = XCBuildConfiguration;
			buildSettings = {
				CODE_SIGN_IDENTITY = "iPhone Developer";
				"CODE_SIGN_IDENTITY[sdk=iphoneos*]" = "iPhone Developer";
				GCC_PRECOMPILE_PREFIX_HEADER = YES;
				GCC_PREFIX_HEADER = "Passwird Deals/Passwird Deals-Prefix.pch";
				INFOPLIST_FILE = "Passwird Deals/Passwird Deals-Info.plist";
				IPHONEOS_DEPLOYMENT_TARGET = 5.0;
				OTHER_LDFLAGS = "";
				PRODUCT_NAME = "$(TARGET_NAME)";
				PROVISIONING_PROFILE = "";
				"PROVISIONING_PROFILE[sdk=iphoneos*]" = "";
				TARGETED_DEVICE_FAMILY = 1;
				USER_HEADER_SEARCH_PATHS = "";
				WRAPPER_EXTENSION = app;
			};
			name = Debug;
		};
		CD2A72DD1516B12F003A4394 /* Release */ = {
			isa = XCBuildConfiguration;
			buildSettings = {
				CODE_SIGN_IDENTITY = "iPhone Developer";
				"CODE_SIGN_IDENTITY[sdk=iphoneos*]" = "iPhone Developer";
				GCC_PRECOMPILE_PREFIX_HEADER = YES;
				GCC_PREFIX_HEADER = "Passwird Deals/Passwird Deals-Prefix.pch";
				INFOPLIST_FILE = "Passwird Deals/Passwird Deals-Info.plist";
				IPHONEOS_DEPLOYMENT_TARGET = 5.0;
				OTHER_LDFLAGS = "";
				PRODUCT_NAME = "$(TARGET_NAME)";
				PROVISIONING_PROFILE = "";
				"PROVISIONING_PROFILE[sdk=iphoneos*]" = "";
				SKIP_INSTALL = NO;
				TARGETED_DEVICE_FAMILY = 1;
				USER_HEADER_SEARCH_PATHS = "";
				WRAPPER_EXTENSION = app;
			};
			name = Release;
		};
/* End XCBuildConfiguration section */

/* Begin XCConfigurationList section */
		CD2A72B11516B12F003A4394 /* Build configuration list for PBXProject "Passwird Deals" */ = {
			isa = XCConfigurationList;
			buildConfigurations = (
				CD2A72D91516B12F003A4394 /* Debug */,
				CD2A72DA1516B12F003A4394 /* Release */,
			);
			defaultConfigurationIsVisible = 0;
			defaultConfigurationName = Release;
		};
		CD2A72DB1516B12F003A4394 /* Build configuration list for PBXNativeTarget "Passwird Deals" */ = {
			isa = XCConfigurationList;
			buildConfigurations = (
				CD2A72DC1516B12F003A4394 /* Debug */,
				CD2A72DD1516B12F003A4394 /* Release */,
			);
			defaultConfigurationIsVisible = 0;
			defaultConfigurationName = Release;
		};
/* End XCConfigurationList section */
	};
	rootObject = CD2A72AE1516B12F003A4394 /* Project object */;
}
